
Microsoft Visual Studio Solution File, Format Version 12.00
# Visual Studio Version 16
VisualStudioVersion = 16.0.29519.87
MinimumVisualStudioVersion = 10.0.40219.1
Project("{FAE04EC0-301F-11D3-BF4B-00C04F79EFBC}") = "Calendar-customization", "Calendar-customization.csproj", "{27728657-A0A7-4F25-BB5A-D9AFB32092ED}"
EndProject
Global
	GlobalSection(SolutionConfigurationPlatforms) = preSolution
		Debug|Any CPU = Debug|Any CPU
		Release|Any CPU = Release|Any CPU
	EndGlobalSection
	GlobalSection(ProjectConfigurationPlatforms) = postSolution
		{27728657-A0A7-4F25-BB5A-D9AFB32092ED}.Debug|Any CPU.ActiveCfg = Debug|Any CPU
		{27728657-A0A7-4F25-BB5A-D9AFB32092ED}.Debug|Any CPU.Build.0 = Debug|Any CPU
		{27728657-A0A7-4F25-BB5A-D9AFB32092ED}.Release|Any CPU.ActiveCfg = Release|Any CPU
		{27728657-A0A7-4F25-BB5A-D9AFB32092ED}.Release|Any CPU.Build.0 = Release|Any CPU
	EndGlobalSection
	GlobalSection(SolutionProperties) = preSolution
		HideSolutionNode = FALSE
	EndGlobalSection
	GlobalSection(ExtensibilityGlobals) = postSolution
		SolutionGuid = {81411EB5-4B70-4BEA-8F3D-D86FCEBCC974}
	EndGlobalSection
EndGlobal
