
Microsoft Visual Studio Solution File, Format Version 12.00
# Visual Studio Version 16
VisualStudioVersion = 16.0.30128.74
MinimumVisualStudioVersion = 10.0.40219.1
Project("{FAE04EC0-301F-11D3-BF4B-00C04F79EFBC}") = "Custom-FullDateSelector", "Custom-FullDateSelector.csproj", "{2C503A3C-9EA8-4C45-8FDF-BF5FE8724778}"
EndProject
Global
	GlobalSection(SolutionConfigurationPlatforms) = preSolution
		Debug|Any CPU = Debug|Any CPU
		Release|Any CPU = Release|Any CPU
	EndGlobalSection
	GlobalSection(ProjectConfigurationPlatforms) = postSolution
		{2C503A3C-9EA8-4C45-8FDF-BF5FE8724778}.Debug|Any CPU.ActiveCfg = Debug|Any CPU
		{2C503A3C-9EA8-4C45-8FDF-BF5FE8724778}.Debug|Any CPU.Build.0 = Debug|Any CPU
		{2C503A3C-9EA8-4C45-8FDF-BF5FE8724778}.Release|Any CPU.ActiveCfg = Release|Any CPU
		{2C503A3C-9EA8-4C45-8FDF-BF5FE8724778}.Release|Any CPU.Build.0 = Release|Any CPU
	EndGlobalSection
	GlobalSection(SolutionProperties) = preSolution
		HideSolutionNode = FALSE
	EndGlobalSection
	GlobalSection(ExtensibilityGlobals) = postSolution
		SolutionGuid = {B969CB73-309E-4197-95B6-6B3F8FDCD87D}
	EndGlobalSection
EndGlobal
