
Microsoft Visual Studio Solution File, Format Version 12.00
# Visual Studio Version 16
VisualStudioVersion = 16.0.30128.74
MinimumVisualStudioVersion = 10.0.40219.1
Project("{FAE04EC0-301F-11D3-BF4B-00C04F79EFBC}") = "Custom-DropDownButton", "Custom-DropDownButton.csproj", "{11042BCF-BF99-4A93-9B5F-82D2782AE616}"
EndProject
Global
	GlobalSection(SolutionConfigurationPlatforms) = preSolution
		Debug|Any CPU = Debug|Any CPU
		Release|Any CPU = Release|Any CPU
	EndGlobalSection
	GlobalSection(ProjectConfigurationPlatforms) = postSolution
		{11042BCF-BF99-4A93-9B5F-82D2782AE616}.Debug|Any CPU.ActiveCfg = Debug|Any CPU
		{11042BCF-BF99-4A93-9B5F-82D2782AE616}.Debug|Any CPU.Build.0 = Debug|Any CPU
		{11042BCF-BF99-4A93-9B5F-82D2782AE616}.Release|Any CPU.ActiveCfg = Release|Any CPU
		{11042BCF-BF99-4A93-9B5F-82D2782AE616}.Release|Any CPU.Build.0 = Release|Any CPU
	EndGlobalSection
	GlobalSection(SolutionProperties) = preSolution
		HideSolutionNode = FALSE
	EndGlobalSection
	GlobalSection(ExtensibilityGlobals) = postSolution
		SolutionGuid = {442023CF-6697-4542-936C-006FCBAC56E4}
	EndGlobalSection
EndGlobal
